<?xml version="1.0"?>
<Project ToolsVersion="4.0" xmlns="http://schemas.microsoft.com/developer/msbuild/2003">
	<ItemGroup>
		<ClCompile Include="src\ofApp.cpp">
			<Filter>src</Filter>
		</ClCompile>
		<ClCompile Include="src\main.cpp">
			<Filter>src</Filter>
		</ClCompile>
		<ClCompile Include="src\main.cpp">
			<Filter>src</Filter>
		</ClCompile>
		<ClCompile Include="src\mathOperations.cpp">
			<Filter>src</Filter>
		</ClCompile>
		<ClCompile Include="src\ofApp.cpp">
			<Filter>src</Filter>
		</ClCompile>
		<ClCompile Include="src\screens\CalculatorScreen.cpp">
			<Filter>src\screens</Filter>
		</ClCompile>
		<ClCompile Include="src\screens\MainScreen.cpp">
			<Filter>src\screens</Filter>
		</ClCompile>
		<ClCompile Include="src\ShuntingYard.cpp">
			<Filter>src</Filter>
		</ClCompile>
		<ClCompile Include="src\Tokeniser.cpp">
			<Filter>src</Filter>
		</ClCompile>
		<ClCompile Include="src\ui\UiBox.cpp">
			<Filter>src\ui</Filter>
		</ClCompile>
		<ClCompile Include="src\ui\UiButton.cpp">
			<Filter>src\ui</Filter>
		</ClCompile>
		<ClCompile Include="src\ui\UiElement.cpp">
			<Filter>src\ui</Filter>
		</ClCompile>
		<ClCompile Include="src\ui\UiText.cpp">
			<Filter>src\ui</Filter>
		</ClCompile>
	</ItemGroup>
	<ItemGroup>
		<Filter Include="src">
			<UniqueIdentifier>{d8376475-7454-4a24-b08a-aac121d3ad6f}</UniqueIdentifier>
		</Filter>
		<Filter Include="src\screens">
			<UniqueIdentifier>{17CDE030-E843-F2E3-A60A-B97C}</UniqueIdentifier>
		</Filter>
		<Filter Include="src\ui">
			<UniqueIdentifier>{34F0B3B1-2BDA-A36D-9F63-1753}</UniqueIdentifier>
		</Filter>
	</ItemGroup>
	<ItemGroup>
		<ClInclude Include="src\ofApp.h">
			<Filter>src</Filter>
		</ClInclude>
		<ClInclude Include="src\ErrorCodes.h">
			<Filter>src</Filter>
		</ClInclude>
		<ClInclude Include="src\mathOperations.h">
			<Filter>src</Filter>
		</ClInclude>
		<ClInclude Include="src\ofApp.h">
			<Filter>src</Filter>
		</ClInclude>
		<ClInclude Include="src\screens\CalculatorScreen.h">
			<Filter>src\screens</Filter>
		</ClInclude>
		<ClInclude Include="src\screens\MainScreen.h">
			<Filter>src\screens</Filter>
		</ClInclude>
		<ClInclude Include="src\ShuntingYard.h">
			<Filter>src</Filter>
		</ClInclude>
		<ClInclude Include="src\Tokeniser.h">
			<Filter>src</Filter>
		</ClInclude>
		<ClInclude Include="src\ui\UiBox.h">
			<Filter>src\ui</Filter>
		</ClInclude>
		<ClInclude Include="src\ui\UiButton.h">
			<Filter>src\ui</Filter>
		</ClInclude>
		<ClInclude Include="src\ui\UiElement.h">
			<Filter>src\ui</Filter>
		</ClInclude>
		<ClInclude Include="src\ui\UiText.h">
			<Filter>src\ui</Filter>
		</ClInclude>
	</ItemGroup>
	<ItemGroup>
		<ResourceCompile Include="icon.rc" />
	</ItemGroup>
</Project>
